github.com/wxdlong/go-mod v0.0.0-20190922145845-c53d121f9dfe h1:m+HWR70vf2zvJA9SER8Y3xtezckeEI7MjzZLaUk3gkM=
github.com/wxdlong/go-mod v0.0.0-20190922145845-c53d121f9dfe/go.mod h1:PgVRL3UVCPC/m/sbnUw+DgfzaX6UmKUAKQpRLmzDUAs=
golang.org/x/sys v0.0.0-20191120155948-bd437916bb0e h1:N7DeIrjYszNmSW409R3frPPwglRwMkXSBzwVbkOjLLA=
golang.org/x/sys v0.0.0-20191120155948-bd437916bb0e/go.mod h1:h1NjWce9XRLGQEsW7wpKNCjG9DtNlClVuFLEZdDNbEs=
